
Microsoft Visual Studio Solution File, Format Version 12.00
# Visual Studio Version 16
VisualStudioVersion = 16.0.30611.23
MinimumVisualStudioVersion = 10.0.40219.1
Project("{FAE04EC0-301F-11D3-BF4B-00C04F79EFBC}") = "Bootstrap", "Bootstrap\Bootstrap.csproj", "{CB0CADB0-E2BD-4880-A6C1-28DF2230E7CF}"
EndProject
Project("{FAE04EC0-301F-11D3-BF4B-00C04F79EFBC}") = "Loader", "Loader\Loader.csproj", "{7368B51A-FD1F-48D4-9D32-C1BCBA8203CB}"
EndProject
Project("{FAE04EC0-301F-11D3-BF4B-00C04F79EFBC}") = "API", "API\API.csproj", "{54877FB4-49A7-42A8-A544-B05BB061FC49}"
EndProject
Project("{FAE04EC0-301F-11D3-BF4B-00C04F79EFBC}") = "Events", "Events\Events.csproj", "{DE95B773-C692-43C2-9538-241C5B2AC42A}"
EndProject
Global
	GlobalSection(SolutionConfigurationPlatforms) = preSolution
		Debug|Any CPU = Debug|Any CPU
		Release|Any CPU = Release|Any CPU
	EndGlobalSection
	GlobalSection(ProjectConfigurationPlatforms) = postSolution
		{CB0CADB0-E2BD-4880-A6C1-28DF2230E7CF}.Debug|Any CPU.ActiveCfg = Debug|Any CPU
		{CB0CADB0-E2BD-4880-A6C1-28DF2230E7CF}.Debug|Any CPU.Build.0 = Debug|Any CPU
		{CB0CADB0-E2BD-4880-A6C1-28DF2230E7CF}.Release|Any CPU.ActiveCfg = Release|Any CPU
		{CB0CADB0-E2BD-4880-A6C1-28DF2230E7CF}.Release|Any CPU.Build.0 = Release|Any CPU
		{7368B51A-FD1F-48D4-9D32-C1BCBA8203CB}.Debug|Any CPU.ActiveCfg = Debug|Any CPU
		{7368B51A-FD1F-48D4-9D32-C1BCBA8203CB}.Debug|Any CPU.Build.0 = Debug|Any CPU
		{7368B51A-FD1F-48D4-9D32-C1BCBA8203CB}.Release|Any CPU.ActiveCfg = Release|Any CPU
		{7368B51A-FD1F-48D4-9D32-C1BCBA8203CB}.Release|Any CPU.Build.0 = Release|Any CPU
		{54877FB4-49A7-42A8-A544-B05BB061FC49}.Debug|Any CPU.ActiveCfg = Debug|Any CPU
		{54877FB4-49A7-42A8-A544-B05BB061FC49}.Debug|Any CPU.Build.0 = Debug|Any CPU
		{54877FB4-49A7-42A8-A544-B05BB061FC49}.Release|Any CPU.ActiveCfg = Release|Any CPU
		{54877FB4-49A7-42A8-A544-B05BB061FC49}.Release|Any CPU.Build.0 = Release|Any CPU
		{DE95B773-C692-43C2-9538-241C5B2AC42A}.Debug|Any CPU.ActiveCfg = Debug|Any CPU
		{DE95B773-C692-43C2-9538-241C5B2AC42A}.Debug|Any CPU.Build.0 = Debug|Any CPU
		{DE95B773-C692-43C2-9538-241C5B2AC42A}.Release|Any CPU.ActiveCfg = Release|Any CPU
		{DE95B773-C692-43C2-9538-241C5B2AC42A}.Release|Any CPU.Build.0 = Release|Any CPU
	EndGlobalSection
	GlobalSection(SolutionProperties) = preSolution
		HideSolutionNode = FALSE
	EndGlobalSection
	GlobalSection(ExtensibilityGlobals) = postSolution
		SolutionGuid = {EC7D609D-7C5A-451E-BCBF-169CAEF703C1}
	EndGlobalSection
EndGlobal
